
Microsoft Visual Studio Solution File, Format Version 12.00
# Visual Studio 14
VisualStudioVersion = 14.0.25420.1
MinimumVisualStudioVersion = 10.0.40219.1
Project("{FAE04EC0-301F-11D3-BF4B-00C04F79EFBC}") = "OlxaWeb.WebUI", "OlxaWeb.WebUI\OlxaWeb.WebUI.csproj", "{553B5512-1294-4230-A0A8-D21A401A3289}"
EndProject
Project("{FAE04EC0-301F-11D3-BF4B-00C04F79EFBC}") = "OlxaWeb.Domain", "OlxaWeb.Domain\OlxaWeb.Domain.csproj", "{11D61CEF-A4BA-49EF-A771-51DB5D2BA3A8}"
EndProject
Project("{FAE04EC0-301F-11D3-BF4B-00C04F79EFBC}") = "OlxaWeb.UnitTests", "OlxaWeb.UnitTests\OlxaWeb.UnitTests.csproj", "{025391B6-9E9C-45DF-AE89-B07F6BB6BA5F}"
EndProject
Global
	GlobalSection(SolutionConfigurationPlatforms) = preSolution
		Debug|Any CPU = Debug|Any CPU
		Release|Any CPU = Release|Any CPU
	EndGlobalSection
	GlobalSection(ProjectConfigurationPlatforms) = postSolution
		{553B5512-1294-4230-A0A8-D21A401A3289}.Debug|Any CPU.ActiveCfg = Debug|Any CPU
		{553B5512-1294-4230-A0A8-D21A401A3289}.Debug|Any CPU.Build.0 = Debug|Any CPU
		{553B5512-1294-4230-A0A8-D21A401A3289}.Release|Any CPU.ActiveCfg = Release|Any CPU
		{553B5512-1294-4230-A0A8-D21A401A3289}.Release|Any CPU.Build.0 = Release|Any CPU
		{11D61CEF-A4BA-49EF-A771-51DB5D2BA3A8}.Debug|Any CPU.ActiveCfg = Debug|Any CPU
		{11D61CEF-A4BA-49EF-A771-51DB5D2BA3A8}.Debug|Any CPU.Build.0 = Debug|Any CPU
		{11D61CEF-A4BA-49EF-A771-51DB5D2BA3A8}.Release|Any CPU.ActiveCfg = Release|Any CPU
		{11D61CEF-A4BA-49EF-A771-51DB5D2BA3A8}.Release|Any CPU.Build.0 = Release|Any CPU
		{025391B6-9E9C-45DF-AE89-B07F6BB6BA5F}.Debug|Any CPU.ActiveCfg = Debug|Any CPU
		{025391B6-9E9C-45DF-AE89-B07F6BB6BA5F}.Debug|Any CPU.Build.0 = Debug|Any CPU
		{025391B6-9E9C-45DF-AE89-B07F6BB6BA5F}.Release|Any CPU.ActiveCfg = Release|Any CPU
		{025391B6-9E9C-45DF-AE89-B07F6BB6BA5F}.Release|Any CPU.Build.0 = Release|Any CPU
	EndGlobalSection
	GlobalSection(SolutionProperties) = preSolution
		HideSolutionNode = FALSE
	EndGlobalSection
EndGlobal
